<?xml version="1.0" encoding="utf-8"?>
<Project ToolsVersion="4.0" xmlns="http://schemas.microsoft.com/developer/msbuild/2003">
  <ItemGroup>
    <Filter Include="Source Files">
      <UniqueIdentifier>{4FC737F1-C7A5-4376-A066-2A32D752A2FF}</UniqueIdentifier>
      <Extensions>cpp;c;cxx;def;odl;idl;hpj;bat;asm;asmx</Extensions>
    </Filter>
    <Filter Include="Header Files">
      <UniqueIdentifier>{93995380-89BD-4b04-88EB-625FBE52EBFB}</UniqueIdentifier>
      <Extensions>h;hpp;hxx;hm;inl;inc;xsd</Extensions>
    </Filter>
    <Filter Include="Resource Files">
      <UniqueIdentifier>{67DA6AB6-F800-4c08-8B7A-83BB121AAD01}</UniqueIdentifier>
      <Extensions>rc;ico;cur;bmp;dlg;rc2;rct;bin;rgs;gif;jpg;jpeg;jpe;resx</Extensions>
    </Filter>
    <Filter Include="SDK">
      <UniqueIdentifier>{3f29e4c6-da2a-4ed3-b20d-ef449a23354f}</UniqueIdentifier>
    </Filter>
  </ItemGroup>
  <ItemGroup>
    <ClCompile Include="..\precompiled.cpp">
      <Filter>Source Files</Filter>
    </ClCompile>
    <ClCompile Include="..\csdm_amxx.cpp">
      <Filter>Source Files</Filter>
    </ClCompile>
    <ClCompile Include="..\csdm_config.cpp">
      <Filter>Source Files</Filter>
    </ClCompile>
    <ClCompile Include="..\csdm_mm.cpp">
      <Filter>Source Files</Filter>
    </ClCompile>
    <ClCompile Include="..\csdm_natives.cpp">
      <Filter>Source Files</Filter>
    </ClCompile>
    <ClCompile Include="..\csdm_player.cpp">
      <Filter>Source Files</Filter>
    </ClCompile>
    <ClCompile Include="..\csdm_spawning.cpp">
      <Filter>Source Files</Filter>
    </ClCompile>
    <ClCompile Include="..\csdm_tasks.cpp">
      <Filter>Source Files</Filter>
    </ClCompile>
    <ClCompile Include="..\csdm_timer.cpp">
      <Filter>Source Files</Filter>
    </ClCompile>
    <ClCompile Include="..\csdm_util.cpp">
      <Filter>Source Files</Filter>
    </ClCompile>
    <ClCompile Include="..\gamedll_api.cpp">
      <Filter>Source Files</Filter>
    </ClCompile>
    <ClCompile Include="..\amxxmodule.cpp">
      <Filter>SDK</Filter>
    </ClCompile>
    <ClCompile Include="..\h_export.cpp">
      <Filter>SDK</Filter>
    </ClCompile>
    <ClCompile Include="..\meta_api.cpp">
      <Filter>SDK</Filter>
    </ClCompile>
    <ClCompile Include="..\dllapi.cpp">
      <Filter>SDK</Filter>
    </ClCompile>
    <ClCompile Include="..\engine_api.cpp">
      <Filter>SDK</Filter>
    </ClCompile>
    <ClCompile Include="..\cssdk\public\interface.cpp">
      <Filter>SDK</Filter>
    </ClCompile>
  </ItemGroup>
  <ItemGroup>
    <ClInclude Include="..\include\precompiled.h">
      <Filter>Header Files</Filter>
    </ClInclude>
    <ClInclude Include="..\include\csdm_amxx.h">
      <Filter>Header Files</Filter>
    </ClInclude>
    <ClInclude Include="..\include\csdm_config.h">
      <Filter>Header Files</Filter>
    </ClInclude>
    <ClInclude Include="..\include\csdm_player.h">
      <Filter>Header Files</Filter>
    </ClInclude>
    <ClInclude Include="..\include\csdm_spawning.h">
      <Filter>Header Files</Filter>
    </ClInclude>
    <ClInclude Include="..\include\csdm_tasks.h">
      <Filter>Header Files</Filter>
    </ClInclude>
    <ClInclude Include="..\include\csdm_timer.h">
      <Filter>Header Files</Filter>
    </ClInclude>
    <ClInclude Include="..\include\csdm_util.h">
      <Filter>Header Files</Filter>
    </ClInclude>
    <ClInclude Include="..\include\gamedll_api.h">
      <Filter>Header Files</Filter>
    </ClInclude>
    <ClInclude Include="..\include\amxxmodule.h">
      <Filter>SDK</Filter>
    </ClInclude>
    <ClInclude Include="..\include\CString.h">
      <Filter>SDK</Filter>
    </ClInclude>
    <ClInclude Include="..\include\CVector.h">
      <Filter>SDK</Filter>
    </ClInclude>
    <ClInclude Include="..\include\sh_list.h">
      <Filter>SDK</Filter>
    </ClInclude>
    <ClInclude Include="..\include\sh_stack.h">
      <Filter>SDK</Filter>
    </ClInclude>
  </ItemGroup>
  <ItemGroup>
    <ResourceCompile Include="version.rc">
      <Filter>Resource Files</Filter>
    </ResourceCompile>
  </ItemGroup>
  <ItemGroup>
    <None Include="csdm.def">
      <Filter>Source Files</Filter>
    </None>
  </ItemGroup>
</Project>